
Microsoft Visual Studio Solution File, Format Version 12.00
# Visual Studio 15
VisualStudioVersion = 15.0.26430.12
MinimumVisualStudioVersion = 10.0.40219.1
Project("{FAE04EC0-301F-11D3-BF4B-00C04F79EFBC}") = "MediatrExample.Api", "MediatrExample.Api\MediatrExample.Api.csproj", "{4C515C3D-00F4-4160-8A38-4E1406B38C89}"
EndProject
Project("{FAE04EC0-301F-11D3-BF4B-00C04F79EFBC}") = "MediatrExample.Domain", "MediatrExample.Domain\MediatrExample.Domain.csproj", "{A5EE7515-DF51-4891-B09F-68F2B84CA3BA}"
EndProject
Global
	GlobalSection(SolutionConfigurationPlatforms) = preSolution
		Debug|Any CPU = Debug|Any CPU
		Release|Any CPU = Release|Any CPU
	EndGlobalSection
	GlobalSection(ProjectConfigurationPlatforms) = postSolution
		{4C515C3D-00F4-4160-8A38-4E1406B38C89}.Debug|Any CPU.ActiveCfg = Debug|Any CPU
		{4C515C3D-00F4-4160-8A38-4E1406B38C89}.Debug|Any CPU.Build.0 = Debug|Any CPU
		{4C515C3D-00F4-4160-8A38-4E1406B38C89}.Release|Any CPU.ActiveCfg = Release|Any CPU
		{4C515C3D-00F4-4160-8A38-4E1406B38C89}.Release|Any CPU.Build.0 = Release|Any CPU
		{A5EE7515-DF51-4891-B09F-68F2B84CA3BA}.Debug|Any CPU.ActiveCfg = Debug|Any CPU
		{A5EE7515-DF51-4891-B09F-68F2B84CA3BA}.Debug|Any CPU.Build.0 = Debug|Any CPU
		{A5EE7515-DF51-4891-B09F-68F2B84CA3BA}.Release|Any CPU.ActiveCfg = Release|Any CPU
		{A5EE7515-DF51-4891-B09F-68F2B84CA3BA}.Release|Any CPU.Build.0 = Release|Any CPU
	EndGlobalSection
	GlobalSection(SolutionProperties) = preSolution
		HideSolutionNode = FALSE
	EndGlobalSection
EndGlobal
